
Microsoft Visual Studio Solution File, Format Version 12.00
# Visual Studio Version 17
VisualStudioVersion = 17.6.33723.286
MinimumVisualStudioVersion = 10.0.40219.1
Project("{FAE04EC0-301F-11D3-BF4B-00C04F79EFBC}") = "az-webapp-kshitij-visualStudio", "az-webapp-kshitij-visualStudio\az-webapp-kshitij-visualStudio.csproj", "{013E7A17-A0F1-4733-8E1A-C506924E3FB7}"
EndProject
Global
	GlobalSection(SolutionConfigurationPlatforms) = preSolution
		Debug|Any CPU = Debug|Any CPU
		Release|Any CPU = Release|Any CPU
	EndGlobalSection
	GlobalSection(ProjectConfigurationPlatforms) = postSolution
		{013E7A17-A0F1-4733-8E1A-C506924E3FB7}.Debug|Any CPU.ActiveCfg = Debug|Any CPU
		{013E7A17-A0F1-4733-8E1A-C506924E3FB7}.Debug|Any CPU.Build.0 = Debug|Any CPU
		{013E7A17-A0F1-4733-8E1A-C506924E3FB7}.Release|Any CPU.ActiveCfg = Release|Any CPU
		{013E7A17-A0F1-4733-8E1A-C506924E3FB7}.Release|Any CPU.Build.0 = Release|Any CPU
	EndGlobalSection
	GlobalSection(SolutionProperties) = preSolution
		HideSolutionNode = FALSE
	EndGlobalSection
	GlobalSection(ExtensibilityGlobals) = postSolution
		SolutionGuid = {DACC208B-7743-4575-BD84-BFAD97473D0B}
	EndGlobalSection
EndGlobal
